{
  "version": "5",
  "redirects": {
    "https://esm.sh/@supabase/supabase-js": "https://esm.sh/@supabase/supabase-js@2.84.0",
    "https://esm.sh/lib0@^0.2.99/array?target=denonext": "https://esm.sh/lib0@0.2.117/array?target=denonext",
    "https://esm.sh/lib0@^0.2.99/binary?target=denonext": "https://esm.sh/lib0@0.2.117/binary?target=denonext",
    "https://esm.sh/lib0@^0.2.99/buffer?target=denonext": "https://esm.sh/lib0@0.2.117/buffer?target=denonext",
    "https://esm.sh/lib0@^0.2.99/decoding?target=denonext": "https://esm.sh/lib0@0.2.117/decoding?target=denonext",
    "https://esm.sh/lib0@^0.2.99/encoding?target=denonext": "https://esm.sh/lib0@0.2.117/encoding?target=denonext",
    "https://esm.sh/lib0@^0.2.99/environment?target=denonext": "https://esm.sh/lib0@0.2.117/environment?target=denonext",
    "https://esm.sh/lib0@^0.2.99/error?target=denonext": "https://esm.sh/lib0@0.2.117/error?target=denonext",
    "https://esm.sh/lib0@^0.2.99/function?target=denonext": "https://esm.sh/lib0@0.2.117/function?target=denonext",
    "https://esm.sh/lib0@^0.2.99/iterator?target=denonext": "https://esm.sh/lib0@0.2.117/iterator?target=denonext",
    "https://esm.sh/lib0@^0.2.99/logging?target=denonext": "https://esm.sh/lib0@0.2.117/logging?target=denonext",
    "https://esm.sh/lib0@^0.2.99/map?target=denonext": "https://esm.sh/lib0@0.2.117/map?target=denonext",
    "https://esm.sh/lib0@^0.2.99/math?target=denonext": "https://esm.sh/lib0@0.2.117/math?target=denonext",
    "https://esm.sh/lib0@^0.2.99/object?target=denonext": "https://esm.sh/lib0@0.2.117/object?target=denonext",
    "https://esm.sh/lib0@^0.2.99/observable?target=denonext": "https://esm.sh/lib0@0.2.117/observable?target=denonext",
    "https://esm.sh/lib0@^0.2.99/promise?target=denonext": "https://esm.sh/lib0@0.2.117/promise?target=denonext",
    "https://esm.sh/lib0@^0.2.99/random?target=denonext": "https://esm.sh/lib0@0.2.117/random?target=denonext",
    "https://esm.sh/lib0@^0.2.99/set?target=denonext": "https://esm.sh/lib0@0.2.117/set?target=denonext",
    "https://esm.sh/lib0@^0.2.99/string?target=denonext": "https://esm.sh/lib0@0.2.117/string?target=denonext",
    "https://esm.sh/lib0@^0.2.99/time?target=denonext": "https://esm.sh/lib0@0.2.117/time?target=denonext",
    "https://esm.sh/yjs": "https://esm.sh/yjs@13.6.29"
  },
  "remote": {
    "https://esm.sh/@supabase/auth-js@2.84.0/denonext/auth-js.mjs": "61e3b0ad4ad68e2aa3ce0bb83c1084caecc6899cdc9b9e4b230212f8e0c44615",
    "https://esm.sh/@supabase/functions-js@2.84.0/denonext/functions-js.mjs": "016355f24757e593e29ae3347332b30049a8f2f6b55bd7e7a2caf7a577696f85",
    "https://esm.sh/@supabase/postgrest-js@2.84.0/denonext/postgrest-js.mjs": "78de00f3fca3c53f81c5765d0b960e01718a0e1164728e60b835299542fbb0d2",
    "https://esm.sh/@supabase/realtime-js@2.84.0/denonext/realtime-js.mjs": "dccd1e457b9151c162ad84985eaa76075a59250cdd36c244872d14b80a55ed25",
    "https://esm.sh/@supabase/storage-js@2.84.0/denonext/storage-js.mjs": "ef21eb110d5b1c9586f6acaa2070706bd7b9f3799a8f14f262a36f85ee7bb13e",
    "https://esm.sh/@supabase/supabase-js@2.84.0": "4a536f134c4bae61c5ec9d2f849c0bafc40c7ee7e85ca61f075c016fab17a693",
    "https://esm.sh/@supabase/supabase-js@2.84.0/denonext/supabase-js.mjs": "78718e70577f3505e37b515ca7983ac61689864180b9e2cfb130486252919876",
    "https://esm.sh/lib0@0.2.117/array?target=denonext": "81a7e9206d0777bc1b7e85ece7dd422d0fd9463b3ef5876f5062f2e2a4aea78f",
    "https://esm.sh/lib0@0.2.117/binary?target=denonext": "56e672c6749187dfdf1fc37f269aa69b2196874b34beeb8534908e4e18ae7765",
    "https://esm.sh/lib0@0.2.117/buffer?target=denonext": "ef78c5bd39299226b72424edabc6e4c79aa9657b10a8d103f98c001fea375925",
    "https://esm.sh/lib0@0.2.117/decoding?target=denonext": "d13b231a64c5680db0c18ee311d4e57e7b4d159ed2451776adee5f8f4aa9f1f9",
    "https://esm.sh/lib0@0.2.117/denonext/array.mjs": "3cefd28a621f33cde0b8d682b7f800da593f642303e9e9722537ff7eb1fed756",
    "https://esm.sh/lib0@0.2.117/denonext/binary.mjs": "32973b1a877058e485cd2021fecd582850388a4b64f0183ad4b2f90f3fd651cf",
    "https://esm.sh/lib0@0.2.117/denonext/buffer.mjs": "07836b35157c8ff622d5edbb59c3ef09d65505193f4a3cf67dee37fadc55c5e1",
    "https://esm.sh/lib0@0.2.117/denonext/conditions.mjs": "24266608888677d847412abf7e3d19867ab2fedafd398a1b1126c501a894c576",
    "https://esm.sh/lib0@0.2.117/denonext/decoding.mjs": "f8f3f2177c076e79a6efdc935e822d6a73d3161f3c885ce43eba5789e31c1792",
    "https://esm.sh/lib0@0.2.117/denonext/encoding.mjs": "33b8e16ac6a9f9a8a83cebfd2ca49cabd823b8b563e08fc6140ab0bf81f54e59",
    "https://esm.sh/lib0@0.2.117/denonext/environment.mjs": "d70afc6fcb85f83b3f33ca74335762e9355874a669d246d980d1959f3745d03c",
    "https://esm.sh/lib0@0.2.117/denonext/error.mjs": "70c6f744924d1d3ffa3dce640c704d6790bde743d7244911a11fd1a0f98ba2ee",
    "https://esm.sh/lib0@0.2.117/denonext/function.mjs": "6aba0ed8df1941f9f5fe831510979e32dd404382b0b84cc6e7b516614d31c5ec",
    "https://esm.sh/lib0@0.2.117/denonext/iterator.mjs": "09b16527cb51e07f09c93cc9001e203c1b229e874d94847942ca296a5fafe348",
    "https://esm.sh/lib0@0.2.117/denonext/json.mjs": "d1f314f032824efc34f23c78f13dc895ab5bde122bd8ca890d26a12ad08c3a2e",
    "https://esm.sh/lib0@0.2.117/denonext/logging.mjs": "187381e5aa4c38a883c360811c5c8172b610cb672522aac82a44f95c9831462b",
    "https://esm.sh/lib0@0.2.117/denonext/map.mjs": "02411dc0dde20628c15cf0a277a831e2ea12e781fad56a53c85258657420eb62",
    "https://esm.sh/lib0@0.2.117/denonext/math.mjs": "54474b9a573d49331f86774574b265daff41c2b7c00969d61cd60265ca727a04",
    "https://esm.sh/lib0@0.2.117/denonext/metric.mjs": "2f09b9f8a7f9d3930684f2196544db78e324be6445ddee78fecf485427c7cd94",
    "https://esm.sh/lib0@0.2.117/denonext/number.mjs": "cd071fd1e4d9c1411efe98f728056bbc8dc1e76dd3ed2b0fe94432eb475c4d1e",
    "https://esm.sh/lib0@0.2.117/denonext/object.mjs": "68f6da963282289000f7e37bf70b41ff860f79d9c3bed4d3df40b199216da067",
    "https://esm.sh/lib0@0.2.117/denonext/observable.mjs": "5aeb0d6409f9a9f4d95406df5d610f307e85df5d3c9f920e4def9dcb9bc82677",
    "https://esm.sh/lib0@0.2.117/denonext/promise.mjs": "9d138cc8dc54923df93105ee13c97248d4b1a118724010fa9e97dcf3cfeb41b9",
    "https://esm.sh/lib0@0.2.117/denonext/random.mjs": "20b77a2608c81a9a092f0c8940e7734b02feb6fc8e345eed6c66ab1a6a5e7601",
    "https://esm.sh/lib0@0.2.117/denonext/set.mjs": "2aba10d084a203d3dca7c17f0b1dbea31ed9fd9e85b2783cfb54c5d7a83778ca",
    "https://esm.sh/lib0@0.2.117/denonext/storage.mjs": "f7a856cd4270685ff48e11710dffffb42c01decfa2444c77a310fb1f88cf2cea",
    "https://esm.sh/lib0@0.2.117/denonext/string.mjs": "89ab4cc0e77fb2c258567b561eb4c6672ccd01bfa67c98e921d9c7f94bff4e7b",
    "https://esm.sh/lib0@0.2.117/denonext/symbol.mjs": "bda7feb63d108a34256116eaf3723670841a973314dafa14ca44c92e47901631",
    "https://esm.sh/lib0@0.2.117/denonext/time.mjs": "f9b25d670ac098cdf916f580608075655a9d2ec58a76fe9b822ec26cb7f2f793",
    "https://esm.sh/lib0@0.2.117/denonext/trait/equality.mjs": "95217e0be9c2f9cd20acd4bc625ccbd78d1d4c53af76f74225f6ca396c90ae44",
    "https://esm.sh/lib0@0.2.117/denonext/webcrypto.mjs": "a3bcb34033e42e1176d2ccc2652c1a8697e651b0ac4e3c603ec6a6f29f6e2dad",
    "https://esm.sh/lib0@0.2.117/encoding?target=denonext": "db1599d8aadc65b56d6c25dbc41b8fc8195f78f3efdf82cb97135c4176e79e8f",
    "https://esm.sh/lib0@0.2.117/environment?target=denonext": "9beb107f7c488e2321fba75dca44ae4a8be7450c200a3dfd7c39b80eb7698c0a",
    "https://esm.sh/lib0@0.2.117/error?target=denonext": "43bec23d33e3cd1be10499a7e0ea11cac7422fec689afad278e73c230cd79879",
    "https://esm.sh/lib0@0.2.117/function?target=denonext": "5fb34fa335a3f8c75a9524fd1b57cb9e727a8942907d28acb20fa24c00a4677a",
    "https://esm.sh/lib0@0.2.117/iterator?target=denonext": "1b9a13d960a2740ad56a9ae3844ddc2af8936407e3b40b2f20dde2bac42db635",
    "https://esm.sh/lib0@0.2.117/logging?target=denonext": "dc61952ddc93afa08556e0f1ccd9f79da0b9fca30cca7285cebe1d9548779c9b",
    "https://esm.sh/lib0@0.2.117/map?target=denonext": "1b2661be3d35fa30c2128dd2c5973ea0c6ad6eae800d0a2dc8eee47c1154cf15",
    "https://esm.sh/lib0@0.2.117/math?target=denonext": "a7fdbf6046e26ce3ce4035941c6fefbe71e8fd96d131400f3b29188905f922c9",
    "https://esm.sh/lib0@0.2.117/object?target=denonext": "154fb4ee9fe679c99a2c7001945d8551264749d651741ea537feb9872f0ebe9b",
    "https://esm.sh/lib0@0.2.117/observable?target=denonext": "26d74a242a5ba1e32d77c61ffbf7d0a799f871f685b3871015284ed2e03681bf",
    "https://esm.sh/lib0@0.2.117/promise?target=denonext": "6e5e724381c2c431a3de6973eebffe2cad228473aeee9d8ba14b0e3dc38bd88f",
    "https://esm.sh/lib0@0.2.117/random?target=denonext": "8993a6f6072cea9b9fc0fbbc53569d234afdf43c891118d63f2c55ba77055bbc",
    "https://esm.sh/lib0@0.2.117/set?target=denonext": "b4e3e34a0a67f8b1772203236ecf08251ea57cf01edfacc19258a8e009ba8cff",
    "https://esm.sh/lib0@0.2.117/string?target=denonext": "6fb971c7b505abb0718e7b0c61e16a6645a5ecdebe5dbdc53f0cc9774ffa298e",
    "https://esm.sh/lib0@0.2.117/time?target=denonext": "164bcfcd6bd1340e089e552746efc963cfbd67130c5a0110334f068cf49d1297",
    "https://esm.sh/tslib@2.8.1/denonext/tslib.mjs": "ebce3cd5facb654623020337f867b426ba95f71596ba87acc9e6c6f4e55905ca",
    "https://esm.sh/yjs@13.6.29": "4ac2601fe23217d011488ec5fcc76d6c9a83c76cb1f194c0d429176f3e4a8dfc",
    "https://esm.sh/yjs@13.6.29/denonext/yjs.mjs": "3fa0da3f8186222a3ff3e46b0c36c832bb5b08b82320f027c0b3a90806850ad9"
  },
  "workspace": {
    "dependencies": [
      "jsr:@std/assert@1"
    ]
  }
}
